
Microsoft Visual Studio Solution File, Format Version 12.00
# Visual Studio Version 16
VisualStudioVersion = 16.0.32228.343
MinimumVisualStudioVersion = 10.0.40219.1
Project("{FAE04EC0-301F-11D3-BF4B-00C04F79EFBC}") = "WebMobile", "WebMobile\WebMobile.csproj", "{56453316-DA1B-4FC5-A895-FD1DADB7719E}"
EndProject
Global
	GlobalSection(SolutionConfigurationPlatforms) = preSolution
		Debug|Any CPU = Debug|Any CPU
		Release|Any CPU = Release|Any CPU
	EndGlobalSection
	GlobalSection(ProjectConfigurationPlatforms) = postSolution
		{56453316-DA1B-4FC5-A895-FD1DADB7719E}.Debug|Any CPU.ActiveCfg = Debug|Any CPU
		{56453316-DA1B-4FC5-A895-FD1DADB7719E}.Debug|Any CPU.Build.0 = Debug|Any CPU
		{56453316-DA1B-4FC5-A895-FD1DADB7719E}.Release|Any CPU.ActiveCfg = Release|Any CPU
		{56453316-DA1B-4FC5-A895-FD1DADB7719E}.Release|Any CPU.Build.0 = Release|Any CPU
	EndGlobalSection
	GlobalSection(SolutionProperties) = preSolution
		HideSolutionNode = FALSE
	EndGlobalSection
	GlobalSection(ExtensibilityGlobals) = postSolution
		SolutionGuid = {E03A8F0F-938A-4079-8B19-561B55C3EA3F}
	EndGlobalSection
EndGlobal
